
Microsoft Visual Studio Solution File, Format Version 12.00
# Visual Studio 15
VisualStudioVersion = 15.0.28010.2003
MinimumVisualStudioVersion = 10.0.40219.1
Project("{FAE04EC0-301F-11D3-BF4B-00C04F79EFBC}") = "echo", "echo\echo.csproj", "{957DC8D0-A788-4B33-B2FD-739C0F57614D}"
EndProject
Global
	GlobalSection(SolutionConfigurationPlatforms) = preSolution
		Debug|Any CPU = Debug|Any CPU
		Release|Any CPU = Release|Any CPU
	EndGlobalSection
	GlobalSection(ProjectConfigurationPlatforms) = postSolution
		{957DC8D0-A788-4B33-B2FD-739C0F57614D}.Debug|Any CPU.ActiveCfg = Debug|Any CPU
		{957DC8D0-A788-4B33-B2FD-739C0F57614D}.Debug|Any CPU.Build.0 = Debug|Any CPU
		{957DC8D0-A788-4B33-B2FD-739C0F57614D}.Release|Any CPU.ActiveCfg = Release|Any CPU
		{957DC8D0-A788-4B33-B2FD-739C0F57614D}.Release|Any CPU.Build.0 = Release|Any CPU
	EndGlobalSection
	GlobalSection(SolutionProperties) = preSolution
		HideSolutionNode = FALSE
	EndGlobalSection
	GlobalSection(ExtensibilityGlobals) = postSolution
		SolutionGuid = {6343CDC2-9B9A-4224-A7D2-9EF871848140}
	EndGlobalSection
EndGlobal
